{
  "version": 4,
  "terraform_version": "1.5.2",
  "serial": 25,
  "lineage": "f00bc9dc-17b3-8f65-0e1a-47d74bc47078",
  "outputs": {},
  "resources": [
    {
      "module": "module.data-lake",
      "mode": "data",
      "type": "azurerm_storage_account",
      "name": "rg",
      "provider": "provider[\"registry.terraform.io/hashicorp/azurerm\"]",
      "instances": [
        {
          "schema_version": 0,
          "attributes": {
            "access_tier": "Hot",
            "account_kind": "StorageV2",
            "account_replication_type": "GRS",
            "account_tier": "Standard",
            "allow_nested_items_to_be_public": true,
            "custom_domain": null,
            "enable_https_traffic_only": true,
            "id": "/subscriptions/37b25916-1e2d-4883-bb99-00f8f55f2a88/resourceGroups/DataPractice/providers/Microsoft.Storage/storageAccounts/storageia137dev",
            "identity": [],
            "infrastructure_encryption_enabled": false,
            "is_hns_enabled": true,
            "location": "eastasia",
            "min_tls_version": "TLS1_2",
            "name": "storageia137dev",
            "nfsv3_enabled": false,
            "primary_access_key": "qJjS2NoDbyCfillZqV0aVKKGMyzLYnAO2Gi/AOcQk2/HVUzzZ0u3cI9IOLdjEeq1q4EO+mZ9TxSR+AStz7sEMw==",
            "primary_blob_connection_string": "DefaultEndpointsProtocol=https;BlobEndpoint=https://storageia137dev.blob.core.windows.net/;AccountName=storageia137dev;AccountKey=qJjS2NoDbyCfillZqV0aVKKGMyzLYnAO2Gi/AOcQk2/HVUzzZ0u3cI9IOLdjEeq1q4EO+mZ9TxSR+AStz7sEMw==",
            "primary_blob_endpoint": "https://storageia137dev.blob.core.windows.net/",
            "primary_blob_host": "storageia137dev.blob.core.windows.net",
            "primary_connection_string": "DefaultEndpointsProtocol=https;AccountName=storageia137dev;AccountKey=qJjS2NoDbyCfillZqV0aVKKGMyzLYnAO2Gi/AOcQk2/HVUzzZ0u3cI9IOLdjEeq1q4EO+mZ9TxSR+AStz7sEMw==;EndpointSuffix=core.windows.net",
            "primary_dfs_endpoint": "https://storageia137dev.dfs.core.windows.net/",
            "primary_dfs_host": "storageia137dev.dfs.core.windows.net",
            "primary_file_endpoint": "https://storageia137dev.file.core.windows.net/",
            "primary_file_host": "storageia137dev.file.core.windows.net",
            "primary_location": "eastasia",
            "primary_queue_endpoint": "https://storageia137dev.queue.core.windows.net/",
            "primary_queue_host": "storageia137dev.queue.core.windows.net",
            "primary_table_endpoint": "https://storageia137dev.table.core.windows.net/",
            "primary_table_host": "storageia137dev.table.core.windows.net",
            "primary_web_endpoint": "https://storageia137dev.z7.web.core.windows.net/",
            "primary_web_host": "storageia137dev.z7.web.core.windows.net",
            "queue_encryption_key_type": "Service",
            "resource_group_name": "DataPractice",
            "secondary_access_key": "VqxJu/Rabb/1tq9/o/UGV1nQBTklUd8hvO/SXvNFKE4Ejh3+w/Qo3COZTi+ZAcvcYE9LzEgtLoIN+ASt/2ChPg==",
            "secondary_blob_connection_string": "",
            "secondary_blob_endpoint": null,
            "secondary_blob_host": null,
            "secondary_connection_string": "DefaultEndpointsProtocol=https;AccountName=storageia137dev;AccountKey=VqxJu/Rabb/1tq9/o/UGV1nQBTklUd8hvO/SXvNFKE4Ejh3+w/Qo3COZTi+ZAcvcYE9LzEgtLoIN+ASt/2ChPg==;EndpointSuffix=core.windows.net",
            "secondary_dfs_endpoint": null,
            "secondary_dfs_host": null,
            "secondary_file_endpoint": null,
            "secondary_file_host": null,
            "secondary_location": "southeastasia",
            "secondary_queue_endpoint": null,
            "secondary_queue_host": null,
            "secondary_table_endpoint": null,
            "secondary_table_host": null,
            "secondary_web_endpoint": null,
            "secondary_web_host": null,
            "table_encryption_key_type": "Service",
            "tags": {
              "APP": "StepOne_AutomationTest_V1",
              "ENV": "DEV",
              "PROJECT": "StepOne_AutomationTest_V1"
            },
            "timeouts": null
          },
          "sensitive_attributes": []
        }
      ]
    },
    {
      "module": "module.data-lake",
      "mode": "managed",
      "type": "azurerm_storage_data_lake_gen2_filesystem",
      "name": "rg",
      "provider": "provider[\"registry.terraform.io/hashicorp/azurerm\"]",
      "instances": [
        {
          "schema_version": 0,
          "attributes": {
            "ace": [
              {
                "id": "",
                "permissions": "---",
                "scope": "access",
                "type": "other"
              },
              {
                "id": "",
                "permissions": "r-x",
                "scope": "access",
                "type": "group"
              },
              {
                "id": "",
                "permissions": "rwx",
                "scope": "access",
                "type": "user"
              }
            ],
            "group": "6c574f01-f751-4db5-949c-1d1a11b55266",
            "id": "https://storageia137dev.dfs.core.windows.net/lake",
            "name": "lake",
            "owner": "6c574f01-f751-4db5-949c-1d1a11b55266",
            "properties": null,
            "storage_account_id": "/subscriptions/37b25916-1e2d-4883-bb99-00f8f55f2a88/resourceGroups/DataPractice/providers/Microsoft.Storage/storageAccounts/storageia137dev",
            "timeouts": null
          },
          "sensitive_attributes": [],
          "private": "eyJlMmJmYjczMC1lY2FhLTExZTYtOGY4OC0zNDM2M2JjN2M0YzAiOnsiY3JlYXRlIjoxODAwMDAwMDAwMDAwLCJkZWxldGUiOjE4MDAwMDAwMDAwMDAsInJlYWQiOjMwMDAwMDAwMDAwMCwidXBkYXRlIjoxODAwMDAwMDAwMDAwfX0=",
          "dependencies": [
            "module.data-lake.data.azurerm_storage_account.rg",
            "module.storage-account.azurerm_storage_account.storage"
          ]
        }
      ]
    },
    {
      "module": "module.key-vault",
      "mode": "data",
      "type": "azurerm_client_config",
      "name": "current",
      "provider": "provider[\"registry.terraform.io/hashicorp/azurerm\"]",
      "instances": [
        {
          "schema_version": 0,
          "attributes": {
            "client_id": "04b07795-8ddb-461a-bbee-02f9e1bf7b46",
            "id": "2023-10-10 03:34:34.4139379 +0000 UTC",
            "object_id": "6c574f01-f751-4db5-949c-1d1a11b55266",
            "subscription_id": "37b25916-1e2d-4883-bb99-00f8f55f2a88",
            "tenant_id": "039815dd-00ae-48d7-adbb-090e93dcbc01",
            "timeouts": null
          },
          "sensitive_attributes": []
        }
      ]
    },
    {
      "module": "module.key-vault",
      "mode": "data",
      "type": "azurerm_storage_account",
      "name": "storage_account",
      "provider": "provider[\"registry.terraform.io/hashicorp/azurerm\"]",
      "instances": [
        {
          "schema_version": 0,
          "attributes": {
            "access_tier": "Hot",
            "account_kind": "StorageV2",
            "account_replication_type": "GRS",
            "account_tier": "Standard",
            "allow_nested_items_to_be_public": true,
            "custom_domain": null,
            "enable_https_traffic_only": true,
            "id": "/subscriptions/37b25916-1e2d-4883-bb99-00f8f55f2a88/resourceGroups/DataPractice/providers/Microsoft.Storage/storageAccounts/storageia137dev",
            "identity": [],
            "infrastructure_encryption_enabled": false,
            "is_hns_enabled": true,
            "location": "eastasia",
            "min_tls_version": "TLS1_2",
            "name": "storageia137dev",
            "nfsv3_enabled": false,
            "primary_access_key": "qJjS2NoDbyCfillZqV0aVKKGMyzLYnAO2Gi/AOcQk2/HVUzzZ0u3cI9IOLdjEeq1q4EO+mZ9TxSR+AStz7sEMw==",
            "primary_blob_connection_string": "DefaultEndpointsProtocol=https;BlobEndpoint=https://storageia137dev.blob.core.windows.net/;AccountName=storageia137dev;AccountKey=qJjS2NoDbyCfillZqV0aVKKGMyzLYnAO2Gi/AOcQk2/HVUzzZ0u3cI9IOLdjEeq1q4EO+mZ9TxSR+AStz7sEMw==",
            "primary_blob_endpoint": "https://storageia137dev.blob.core.windows.net/",
            "primary_blob_host": "storageia137dev.blob.core.windows.net",
            "primary_connection_string": "DefaultEndpointsProtocol=https;AccountName=storageia137dev;AccountKey=qJjS2NoDbyCfillZqV0aVKKGMyzLYnAO2Gi/AOcQk2/HVUzzZ0u3cI9IOLdjEeq1q4EO+mZ9TxSR+AStz7sEMw==;EndpointSuffix=core.windows.net",
            "primary_dfs_endpoint": "https://storageia137dev.dfs.core.windows.net/",
            "primary_dfs_host": "storageia137dev.dfs.core.windows.net",
            "primary_file_endpoint": "https://storageia137dev.file.core.windows.net/",
            "primary_file_host": "storageia137dev.file.core.windows.net",
            "primary_location": "eastasia",
            "primary_queue_endpoint": "https://storageia137dev.queue.core.windows.net/",
            "primary_queue_host": "storageia137dev.queue.core.windows.net",
            "primary_table_endpoint": "https://storageia137dev.table.core.windows.net/",
            "primary_table_host": "storageia137dev.table.core.windows.net",
            "primary_web_endpoint": "https://storageia137dev.z7.web.core.windows.net/",
            "primary_web_host": "storageia137dev.z7.web.core.windows.net",
            "queue_encryption_key_type": "Service",
            "resource_group_name": "DataPractice",
            "secondary_access_key": "VqxJu/Rabb/1tq9/o/UGV1nQBTklUd8hvO/SXvNFKE4Ejh3+w/Qo3COZTi+ZAcvcYE9LzEgtLoIN+ASt/2ChPg==",
            "secondary_blob_connection_string": "",
            "secondary_blob_endpoint": null,
            "secondary_blob_host": null,
            "secondary_connection_string": "DefaultEndpointsProtocol=https;AccountName=storageia137dev;AccountKey=VqxJu/Rabb/1tq9/o/UGV1nQBTklUd8hvO/SXvNFKE4Ejh3+w/Qo3COZTi+ZAcvcYE9LzEgtLoIN+ASt/2ChPg==;EndpointSuffix=core.windows.net",
            "secondary_dfs_endpoint": null,
            "secondary_dfs_host": null,
            "secondary_file_endpoint": null,
            "secondary_file_host": null,
            "secondary_location": "southeastasia",
            "secondary_queue_endpoint": null,
            "secondary_queue_host": null,
            "secondary_table_endpoint": null,
            "secondary_table_host": null,
            "secondary_web_endpoint": null,
            "secondary_web_host": null,
            "table_encryption_key_type": "Service",
            "tags": {
              "APP": "StepOne_AutomationTest_V1",
              "ENV": "DEV",
              "PROJECT": "StepOne_AutomationTest_V1"
            },
            "timeouts": null
          },
          "sensitive_attributes": []
        }
      ]
    },
    {
      "module": "module.key-vault",
      "mode": "managed",
      "type": "azurerm_key_vault",
      "name": "vault",
      "provider": "provider[\"registry.terraform.io/hashicorp/azurerm\"]",
      "instances": [
        {
          "schema_version": 2,
          "attributes": {
            "access_policy": [
              {
                "application_id": "",
                "certificate_permissions": null,
                "key_permissions": [
                  "Create",
                  "Get",
                  "List",
                  "Delete",
                  "Recover",
                  "Import",
                  "Decrypt",
                  "Sign",
                  "Update",
                  "Purge"
                ],
                "object_id": "6c574f01-f751-4db5-949c-1d1a11b55266",
                "secret_permissions": [
                  "Set",
                  "Get",
                  "List",
                  "Delete",
                  "Recover",
                  "Purge"
                ],
                "storage_permissions": null,
                "tenant_id": "039815dd-00ae-48d7-adbb-090e93dcbc01"
              }
            ],
            "contact": [],
            "enable_rbac_authorization": false,
            "enabled_for_deployment": false,
            "enabled_for_disk_encryption": true,
            "enabled_for_template_deployment": false,
            "id": "/subscriptions/37b25916-1e2d-4883-bb99-00f8f55f2a88/resourceGroups/DataPractice/providers/Microsoft.KeyVault/vaults/vault-ia137-dev",
            "location": "eastasia",
            "name": "vault-ia137-dev",
            "network_acls": [
              {
                "bypass": "AzureServices",
                "default_action": "Allow",
                "ip_rules": [],
                "virtual_network_subnet_ids": []
              }
            ],
            "purge_protection_enabled": false,
            "resource_group_name": "DataPractice",
            "sku_name": "standard",
            "soft_delete_retention_days": 90,
            "tags": {
              "APP": "StepOne_AutomationTest_V1",
              "ENV": "DEV",
              "PROJECT": "StepOne_AutomationTest_V1"
            },
            "tenant_id": "039815dd-00ae-48d7-adbb-090e93dcbc01",
            "timeouts": null,
            "vault_uri": "https://vault-ia137-dev.vault.azure.net/"
          },
          "sensitive_attributes": [],
          "private": "eyJlMmJmYjczMC1lY2FhLTExZTYtOGY4OC0zNDM2M2JjN2M0YzAiOnsiY3JlYXRlIjoxODAwMDAwMDAwMDAwLCJkZWxldGUiOjE4MDAwMDAwMDAwMDAsInJlYWQiOjMwMDAwMDAwMDAwMCwidXBkYXRlIjoxODAwMDAwMDAwMDAwfSwic2NoZW1hX3ZlcnNpb24iOiIyIn0=",
          "dependencies": [
            "module.key-vault.data.azurerm_client_config.current",
            "module.storage-account.azurerm_storage_account.storage"
          ]
        }
      ]
    },
    {
      "module": "module.key-vault",
      "mode": "managed",
      "type": "azurerm_key_vault_secret",
      "name": "azuresql",
      "provider": "provider[\"registry.terraform.io/hashicorp/azurerm\"]",
      "instances": [
        {
          "schema_version": 0,
          "attributes": {
            "content_type": "",
            "expiration_date": null,
            "id": "https://vault-ia137-dev.vault.azure.net/secrets/azuresql/1d960e55bd294f759a27a8438eae6c81",
            "key_vault_id": "/subscriptions/37b25916-1e2d-4883-bb99-00f8f55f2a88/resourceGroups/DataPractice/providers/Microsoft.KeyVault/vaults/vault-ia137-dev",
            "name": "azuresql",
            "not_before_date": null,
            "resource_id": "/subscriptions/37b25916-1e2d-4883-bb99-00f8f55f2a88/resourceGroups/DataPractice/providers/Microsoft.KeyVault/vaults/vault-ia137-dev/secrets/azuresql/versions/1d960e55bd294f759a27a8438eae6c81",
            "resource_versionless_id": "/subscriptions/37b25916-1e2d-4883-bb99-00f8f55f2a88/resourceGroups/DataPractice/providers/Microsoft.KeyVault/vaults/vault-ia137-dev/secrets/azuresql",
            "tags": {
              "APP": "StepOne_AutomationTest_V1",
              "ENV": "DEV",
              "PROJECT": "StepOne_AutomationTest_V1"
            },
            "timeouts": null,
            "value": "Server=tcp:azuredb-ia137-dev.database.windows.net,1433;Initial Catalog=config_audit;Persist Security Info=False;User ID=sqladminuser;Password=studygroup@123;MultipleActiveResultSets=False;Encrypt=True;TrustServerCertificate=False;Connection Timeout=30;",
            "version": "1d960e55bd294f759a27a8438eae6c81",
            "versionless_id": "https://vault-ia137-dev.vault.azure.net/secrets/azuresql"
          },
          "sensitive_attributes": [
            [
              {
                "type": "get_attr",
                "value": "value"
              }
            ]
          ],
          "private": "eyJlMmJmYjczMC1lY2FhLTExZTYtOGY4OC0zNDM2M2JjN2M0YzAiOnsiY3JlYXRlIjoxODAwMDAwMDAwMDAwLCJkZWxldGUiOjE4MDAwMDAwMDAwMDAsInJlYWQiOjMwMDAwMDAwMDAwMCwidXBkYXRlIjoxODAwMDAwMDAwMDAwfX0=",
          "dependencies": [
            "module.key-vault.azurerm_key_vault.vault",
            "module.key-vault.data.azurerm_client_config.current",
            "module.storage-account.azurerm_storage_account.storage"
          ]
        }
      ]
    },
    {
      "module": "module.key-vault",
      "mode": "managed",
      "type": "azurerm_key_vault_secret",
      "name": "clouddbconn",
      "provider": "provider[\"registry.terraform.io/hashicorp/azurerm\"]",
      "instances": [
        {
          "schema_version": 0,
          "attributes": {
            "content_type": "",
            "expiration_date": null,
            "id": "https://vault-ia137-dev.vault.azure.net/secrets/clouddbconn/683d74e83ecc4c71bdb275e1076eb0bf",
            "key_vault_id": "/subscriptions/37b25916-1e2d-4883-bb99-00f8f55f2a88/resourceGroups/DataPractice/providers/Microsoft.KeyVault/vaults/vault-ia137-dev",
            "name": "clouddbconn",
            "not_before_date": null,
            "resource_id": "/subscriptions/37b25916-1e2d-4883-bb99-00f8f55f2a88/resourceGroups/DataPractice/providers/Microsoft.KeyVault/vaults/vault-ia137-dev/secrets/clouddbconn/versions/683d74e83ecc4c71bdb275e1076eb0bf",
            "resource_versionless_id": "/subscriptions/37b25916-1e2d-4883-bb99-00f8f55f2a88/resourceGroups/DataPractice/providers/Microsoft.KeyVault/vaults/vault-ia137-dev/secrets/clouddbconn",
            "tags": {
              "APP": "StepOne_AutomationTest_V1",
              "ENV": "DEV",
              "PROJECT": "StepOne_AutomationTest_V1"
            },
            "timeouts": null,
            "value": "Server=tcp:ntdatateam-azuredb-dev.database.windows.net,1433;Initial Catalog=tickit;Persist Security Info=False;User ID=sqladminuser;Password=Nashtech123;MultipleActiveResultSets=False;Encrypt=True;TrustServerCertificate=False;Connection Timeout=30;",
            "version": "683d74e83ecc4c71bdb275e1076eb0bf",
            "versionless_id": "https://vault-ia137-dev.vault.azure.net/secrets/clouddbconn"
          },
          "sensitive_attributes": [
            [
              {
                "type": "get_attr",
                "value": "value"
              }
            ]
          ],
          "private": "eyJlMmJmYjczMC1lY2FhLTExZTYtOGY4OC0zNDM2M2JjN2M0YzAiOnsiY3JlYXRlIjoxODAwMDAwMDAwMDAwLCJkZWxldGUiOjE4MDAwMDAwMDAwMDAsInJlYWQiOjMwMDAwMDAwMDAwMCwidXBkYXRlIjoxODAwMDAwMDAwMDAwfX0=",
          "dependencies": [
            "module.key-vault.azurerm_key_vault.vault",
            "module.key-vault.data.azurerm_client_config.current",
            "module.storage-account.azurerm_storage_account.storage"
          ]
        }
      ]
    },
    {
      "module": "module.key-vault",
      "mode": "managed",
      "type": "azurerm_key_vault_secret",
      "name": "localdbconn",
      "provider": "provider[\"registry.terraform.io/hashicorp/azurerm\"]",
      "instances": [
        {
          "schema_version": 0,
          "attributes": {
            "content_type": "",
            "expiration_date": null,
            "id": "https://vault-ia137-dev.vault.azure.net/secrets/localdbconn/bf504ba0b08c4411b389c4a71df4f0f6",
            "key_vault_id": "/subscriptions/37b25916-1e2d-4883-bb99-00f8f55f2a88/resourceGroups/DataPractice/providers/Microsoft.KeyVault/vaults/vault-ia137-dev",
            "name": "localdbconn",
            "not_before_date": null,
            "resource_id": "/subscriptions/37b25916-1e2d-4883-bb99-00f8f55f2a88/resourceGroups/DataPractice/providers/Microsoft.KeyVault/vaults/vault-ia137-dev/secrets/localdbconn/versions/bf504ba0b08c4411b389c4a71df4f0f6",
            "resource_versionless_id": "/subscriptions/37b25916-1e2d-4883-bb99-00f8f55f2a88/resourceGroups/DataPractice/providers/Microsoft.KeyVault/vaults/vault-ia137-dev/secrets/localdbconn",
            "tags": {
              "APP": "StepOne_AutomationTest_V1",
              "ENV": "DEV",
              "PROJECT": "StepOne_AutomationTest_V1"
            },
            "timeouts": null,
            "value": "Data Source=localhost,1433;Network Library=DBMSSOCN;Initial Catalog=tickit;User ID=sa;Password=dummy@123;",
            "version": "bf504ba0b08c4411b389c4a71df4f0f6",
            "versionless_id": "https://vault-ia137-dev.vault.azure.net/secrets/localdbconn"
          },
          "sensitive_attributes": [
            [
              {
                "type": "get_attr",
                "value": "value"
              }
            ]
          ],
          "private": "eyJlMmJmYjczMC1lY2FhLTExZTYtOGY4OC0zNDM2M2JjN2M0YzAiOnsiY3JlYXRlIjoxODAwMDAwMDAwMDAwLCJkZWxldGUiOjE4MDAwMDAwMDAwMDAsInJlYWQiOjMwMDAwMDAwMDAwMCwidXBkYXRlIjoxODAwMDAwMDAwMDAwfX0=",
          "dependencies": [
            "module.key-vault.azurerm_key_vault.vault",
            "module.key-vault.data.azurerm_client_config.current",
            "module.storage-account.azurerm_storage_account.storage"
          ]
        }
      ]
    },
    {
      "module": "module.key-vault",
      "mode": "managed",
      "type": "azurerm_key_vault_secret",
      "name": "nt-on-premise-password",
      "provider": "provider[\"registry.terraform.io/hashicorp/azurerm\"]",
      "instances": [
        {
          "schema_version": 0,
          "attributes": {
            "content_type": "",
            "expiration_date": null,
            "id": "https://vault-ia137-dev.vault.azure.net/secrets/on-premise-login-password/74b7f52d03ad48c5a838aa1341867f83",
            "key_vault_id": "/subscriptions/37b25916-1e2d-4883-bb99-00f8f55f2a88/resourceGroups/DataPractice/providers/Microsoft.KeyVault/vaults/vault-ia137-dev",
            "name": "on-premise-login-password",
            "not_before_date": null,
            "resource_id": "/subscriptions/37b25916-1e2d-4883-bb99-00f8f55f2a88/resourceGroups/DataPractice/providers/Microsoft.KeyVault/vaults/vault-ia137-dev/secrets/on-premise-login-password/versions/74b7f52d03ad48c5a838aa1341867f83",
            "resource_versionless_id": "/subscriptions/37b25916-1e2d-4883-bb99-00f8f55f2a88/resourceGroups/DataPractice/providers/Microsoft.KeyVault/vaults/vault-ia137-dev/secrets/on-premise-login-password",
            "tags": {
              "APP": "StepOne_AutomationTest_V1",
              "ENV": "DEV",
              "PROJECT": "StepOne_AutomationTest_V1"
            },
            "timeouts": null,
            "value": "dummy@123",
            "version": "74b7f52d03ad48c5a838aa1341867f83",
            "versionless_id": "https://vault-ia137-dev.vault.azure.net/secrets/on-premise-login-password"
          },
          "sensitive_attributes": [
            [
              {
                "type": "get_attr",
                "value": "value"
              }
            ]
          ],
          "private": "eyJlMmJmYjczMC1lY2FhLTExZTYtOGY4OC0zNDM2M2JjN2M0YzAiOnsiY3JlYXRlIjoxODAwMDAwMDAwMDAwLCJkZWxldGUiOjE4MDAwMDAwMDAwMDAsInJlYWQiOjMwMDAwMDAwMDAwMCwidXBkYXRlIjoxODAwMDAwMDAwMDAwfX0=",
          "dependencies": [
            "module.key-vault.azurerm_key_vault.vault",
            "module.key-vault.data.azurerm_client_config.current",
            "module.storage-account.azurerm_storage_account.storage"
          ]
        }
      ]
    },
    {
      "module": "module.key-vault",
      "mode": "managed",
      "type": "azurerm_key_vault_secret",
      "name": "storage_account_key",
      "provider": "provider[\"registry.terraform.io/hashicorp/azurerm\"]",
      "instances": [
        {
          "schema_version": 0,
          "attributes": {
            "content_type": "",
            "expiration_date": null,
            "id": "https://vault-ia137-dev.vault.azure.net/secrets/datalakeconn/872455e35a0b42208914777c9086dadf",
            "key_vault_id": "/subscriptions/37b25916-1e2d-4883-bb99-00f8f55f2a88/resourceGroups/DataPractice/providers/Microsoft.KeyVault/vaults/vault-ia137-dev",
            "name": "datalakeconn",
            "not_before_date": null,
            "resource_id": "/subscriptions/37b25916-1e2d-4883-bb99-00f8f55f2a88/resourceGroups/DataPractice/providers/Microsoft.KeyVault/vaults/vault-ia137-dev/secrets/datalakeconn/versions/872455e35a0b42208914777c9086dadf",
            "resource_versionless_id": "/subscriptions/37b25916-1e2d-4883-bb99-00f8f55f2a88/resourceGroups/DataPractice/providers/Microsoft.KeyVault/vaults/vault-ia137-dev/secrets/datalakeconn",
            "tags": {
              "APP": "StepOne_AutomationTest_V1",
              "ENV": "DEV",
              "PROJECT": "StepOne_AutomationTest_V1"
            },
            "timeouts": null,
            "value": "qJjS2NoDbyCfillZqV0aVKKGMyzLYnAO2Gi/AOcQk2/HVUzzZ0u3cI9IOLdjEeq1q4EO+mZ9TxSR+AStz7sEMw==",
            "version": "872455e35a0b42208914777c9086dadf",
            "versionless_id": "https://vault-ia137-dev.vault.azure.net/secrets/datalakeconn"
          },
          "sensitive_attributes": [
            [
              {
                "type": "get_attr",
                "value": "value"
              }
            ]
          ],
          "private": "eyJlMmJmYjczMC1lY2FhLTExZTYtOGY4OC0zNDM2M2JjN2M0YzAiOnsiY3JlYXRlIjoxODAwMDAwMDAwMDAwLCJkZWxldGUiOjE4MDAwMDAwMDAwMDAsInJlYWQiOjMwMDAwMDAwMDAwMCwidXBkYXRlIjoxODAwMDAwMDAwMDAwfX0=",
          "dependencies": [
            "module.key-vault.azurerm_key_vault.vault",
            "module.key-vault.data.azurerm_client_config.current",
            "module.key-vault.data.azurerm_storage_account.storage_account",
            "module.storage-account.azurerm_storage_account.storage"
          ]
        }
      ]
    },
    {
      "module": "module.pipeline-parameter-db",
      "mode": "managed",
      "type": "azurerm_mssql_database",
      "name": "sqlserver_db",
      "provider": "provider[\"registry.terraform.io/hashicorp/azurerm\"]",
      "instances": [
        {
          "schema_version": 1,
          "attributes": {
            "auto_pause_delay_in_minutes": 0,
            "collation": "SQL_Latin1_General_CP1_CI_AS",
            "create_mode": "Default",
            "creation_source_database_id": null,
            "elastic_pool_id": "",
            "geo_backup_enabled": true,
            "id": "/subscriptions/37b25916-1e2d-4883-bb99-00f8f55f2a88/resourceGroups/DataPractice/providers/Microsoft.Sql/servers/azuredb-ia137-dev/databases/config_audit",
            "ledger_enabled": false,
            "license_type": "",
            "long_term_retention_policy": [
              {
                "monthly_retention": "PT0S",
                "week_of_year": 0,
                "weekly_retention": "PT0S",
                "yearly_retention": "PT0S"
              }
            ],
            "max_size_gb": 2,
            "min_capacity": 0,
            "name": "config_audit",
            "read_replica_count": 0,
            "read_scale": false,
            "recover_database_id": null,
            "restore_dropped_database_id": null,
            "restore_point_in_time": null,
            "sample_name": null,
            "server_id": "/subscriptions/37b25916-1e2d-4883-bb99-00f8f55f2a88/resourceGroups/DataPractice/providers/Microsoft.Sql/servers/azuredb-ia137-dev",
            "short_term_retention_policy": [
              {
                "backup_interval_in_hours": 24,
                "retention_days": 7
              }
            ],
            "sku_name": "Basic",
            "storage_account_type": "Geo",
            "tags": {
              "APP": "StepOne_AutomationTest_V1",
              "ENV": "DEV",
              "PROJECT": "StepOne_AutomationTest_V1"
            },
            "threat_detection_policy": [
              {
                "disabled_alerts": [],
                "email_account_admins": "Disabled",
                "email_addresses": [],
                "retention_days": 0,
                "state": "Disabled",
                "storage_account_access_key": "",
                "storage_endpoint": ""
              }
            ],
            "timeouts": null,
            "transparent_data_encryption_enabled": true,
            "zone_redundant": false
          },
          "sensitive_attributes": [],
          "private": "eyJlMmJmYjczMC1lY2FhLTExZTYtOGY4OC0zNDM2M2JjN2M0YzAiOnsiY3JlYXRlIjozNjAwMDAwMDAwMDAwLCJkZWxldGUiOjM2MDAwMDAwMDAwMDAsInJlYWQiOjMwMDAwMDAwMDAwMCwidXBkYXRlIjozNjAwMDAwMDAwMDAwfSwic2NoZW1hX3ZlcnNpb24iOiIxIn0=",
          "dependencies": [
            "module.data-lake.azurerm_storage_data_lake_gen2_filesystem.rg",
            "module.data-lake.data.azurerm_storage_account.rg",
            "module.key-vault.azurerm_key_vault.vault",
            "module.key-vault.azurerm_key_vault_secret.azuresql",
            "module.key-vault.azurerm_key_vault_secret.clouddbconn",
            "module.key-vault.azurerm_key_vault_secret.localdbconn",
            "module.key-vault.azurerm_key_vault_secret.nt-on-premise-password",
            "module.key-vault.azurerm_key_vault_secret.storage_account_key",
            "module.key-vault.data.azurerm_client_config.current",
            "module.key-vault.data.azurerm_storage_account.storage_account",
            "module.pipeline-parameter-db.azurerm_mssql_firewall_rule.fw_rule",
            "module.pipeline-parameter-db.azurerm_mssql_server.azuredb_server",
            "module.storage-account.azurerm_storage_account.storage"
          ]
        }
      ]
    },
    {
      "module": "module.pipeline-parameter-db",
      "mode": "managed",
      "type": "azurerm_mssql_firewall_rule",
      "name": "fw_rule",
      "provider": "provider[\"registry.terraform.io/hashicorp/azurerm\"]",
      "instances": [
        {
          "schema_version": 0,
          "attributes": {
            "end_ip_address": "0.0.0.0",
            "id": "/subscriptions/37b25916-1e2d-4883-bb99-00f8f55f2a88/resourceGroups/DataPractice/providers/Microsoft.Sql/servers/azuredb-ia137-dev/firewallRules/FirewallRule1",
            "name": "FirewallRule1",
            "server_id": "/subscriptions/37b25916-1e2d-4883-bb99-00f8f55f2a88/resourceGroups/DataPractice/providers/Microsoft.Sql/servers/azuredb-ia137-dev",
            "start_ip_address": "0.0.0.0",
            "timeouts": null
          },
          "sensitive_attributes": [],
          "private": "eyJlMmJmYjczMC1lY2FhLTExZTYtOGY4OC0zNDM2M2JjN2M0YzAiOnsiY3JlYXRlIjoxODAwMDAwMDAwMDAwLCJkZWxldGUiOjE4MDAwMDAwMDAwMDAsInJlYWQiOjMwMDAwMDAwMDAwMCwidXBkYXRlIjoxODAwMDAwMDAwMDAwfX0=",
          "dependencies": [
            "module.data-lake.azurerm_storage_data_lake_gen2_filesystem.rg",
            "module.data-lake.data.azurerm_storage_account.rg",
            "module.key-vault.azurerm_key_vault.vault",
            "module.key-vault.azurerm_key_vault_secret.azuresql",
            "module.key-vault.azurerm_key_vault_secret.clouddbconn",
            "module.key-vault.azurerm_key_vault_secret.localdbconn",
            "module.key-vault.azurerm_key_vault_secret.nt-on-premise-password",
            "module.key-vault.azurerm_key_vault_secret.storage_account_key",
            "module.key-vault.data.azurerm_client_config.current",
            "module.key-vault.data.azurerm_storage_account.storage_account",
            "module.pipeline-parameter-db.azurerm_mssql_server.azuredb_server",
            "module.storage-account.azurerm_storage_account.storage"
          ]
        }
      ]
    },
    {
      "module": "module.pipeline-parameter-db",
      "mode": "managed",
      "type": "azurerm_mssql_firewall_rule",
      "name": "fw_rule_my_ip",
      "provider": "provider[\"registry.terraform.io/hashicorp/azurerm\"]",
      "instances": [
        {
          "schema_version": 0,
          "attributes": {
            "end_ip_address": "113.22.221.209",
            "id": "/subscriptions/37b25916-1e2d-4883-bb99-00f8f55f2a88/resourceGroups/DataPractice/providers/Microsoft.Sql/servers/azuredb-ia137-dev/firewallRules/FirewallRule2",
            "name": "FirewallRule2",
            "server_id": "/subscriptions/37b25916-1e2d-4883-bb99-00f8f55f2a88/resourceGroups/DataPractice/providers/Microsoft.Sql/servers/azuredb-ia137-dev",
            "start_ip_address": "113.22.221.209",
            "timeouts": null
          },
          "sensitive_attributes": [],
          "private": "eyJlMmJmYjczMC1lY2FhLTExZTYtOGY4OC0zNDM2M2JjN2M0YzAiOnsiY3JlYXRlIjoxODAwMDAwMDAwMDAwLCJkZWxldGUiOjE4MDAwMDAwMDAwMDAsInJlYWQiOjMwMDAwMDAwMDAwMCwidXBkYXRlIjoxODAwMDAwMDAwMDAwfX0=",
          "dependencies": [
            "module.data-lake.azurerm_storage_data_lake_gen2_filesystem.rg",
            "module.data-lake.data.azurerm_storage_account.rg",
            "module.key-vault.azurerm_key_vault.vault",
            "module.key-vault.azurerm_key_vault_secret.azuresql",
            "module.key-vault.azurerm_key_vault_secret.clouddbconn",
            "module.key-vault.azurerm_key_vault_secret.localdbconn",
            "module.key-vault.azurerm_key_vault_secret.nt-on-premise-password",
            "module.key-vault.azurerm_key_vault_secret.storage_account_key",
            "module.key-vault.data.azurerm_client_config.current",
            "module.key-vault.data.azurerm_storage_account.storage_account",
            "module.pipeline-parameter-db.azurerm_mssql_server.azuredb_server",
            "module.storage-account.azurerm_storage_account.storage"
          ]
        }
      ]
    },
    {
      "module": "module.pipeline-parameter-db",
      "mode": "managed",
      "type": "azurerm_mssql_server",
      "name": "azuredb_server",
      "provider": "provider[\"registry.terraform.io/hashicorp/azurerm\"]",
      "instances": [
        {
          "schema_version": 0,
          "attributes": {
            "administrator_login": "sqladminuser",
            "administrator_login_password": "studygroup@123",
            "azuread_administrator": [],
            "connection_policy": "Default",
            "fully_qualified_domain_name": "azuredb-ia137-dev.database.windows.net",
            "id": "/subscriptions/37b25916-1e2d-4883-bb99-00f8f55f2a88/resourceGroups/DataPractice/providers/Microsoft.Sql/servers/azuredb-ia137-dev",
            "identity": [],
            "location": "eastasia",
            "minimum_tls_version": "1.2",
            "name": "azuredb-ia137-dev",
            "outbound_network_restriction_enabled": false,
            "primary_user_assigned_identity_id": "",
            "public_network_access_enabled": true,
            "resource_group_name": "DataPractice",
            "restorable_dropped_database_ids": [],
            "tags": {
              "APP": "StepOne_AutomationTest_V1",
              "ENV": "DEV",
              "PROJECT": "StepOne_AutomationTest_V1"
            },
            "timeouts": null,
            "version": "12.0"
          },
          "sensitive_attributes": [
            [
              {
                "type": "get_attr",
                "value": "administrator_login"
              }
            ],
            [
              {
                "type": "get_attr",
                "value": "administrator_login_password"
              }
            ]
          ],
          "private": "eyJlMmJmYjczMC1lY2FhLTExZTYtOGY4OC0zNDM2M2JjN2M0YzAiOnsiY3JlYXRlIjozNjAwMDAwMDAwMDAwLCJkZWxldGUiOjM2MDAwMDAwMDAwMDAsInJlYWQiOjMwMDAwMDAwMDAwMCwidXBkYXRlIjozNjAwMDAwMDAwMDAwfX0=",
          "dependencies": [
            "module.data-lake.azurerm_storage_data_lake_gen2_filesystem.rg",
            "module.data-lake.data.azurerm_storage_account.rg",
            "module.key-vault.azurerm_key_vault.vault",
            "module.key-vault.azurerm_key_vault_secret.azuresql",
            "module.key-vault.azurerm_key_vault_secret.clouddbconn",
            "module.key-vault.azurerm_key_vault_secret.localdbconn",
            "module.key-vault.azurerm_key_vault_secret.nt-on-premise-password",
            "module.key-vault.azurerm_key_vault_secret.storage_account_key",
            "module.key-vault.data.azurerm_client_config.current",
            "module.key-vault.data.azurerm_storage_account.storage_account",
            "module.storage-account.azurerm_storage_account.storage"
          ]
        }
      ]
    },
    {
      "module": "module.storage-account",
      "mode": "managed",
      "type": "azurerm_storage_account",
      "name": "storage",
      "provider": "provider[\"registry.terraform.io/hashicorp/azurerm\"]",
      "instances": [
        {
          "schema_version": 3,
          "attributes": {
            "access_tier": "Hot",
            "account_kind": "StorageV2",
            "account_replication_type": "GRS",
            "account_tier": "Standard",
            "allow_nested_items_to_be_public": true,
            "azure_files_authentication": [],
            "blob_properties": [
              {
                "change_feed_enabled": false,
                "container_delete_retention_policy": [],
                "cors_rule": [],
                "default_service_version": "",
                "delete_retention_policy": [],
                "last_access_time_enabled": false,
                "versioning_enabled": false
              }
            ],
            "cross_tenant_replication_enabled": true,
            "custom_domain": [],
            "customer_managed_key": [],
            "edge_zone": "",
            "enable_https_traffic_only": true,
            "id": "/subscriptions/37b25916-1e2d-4883-bb99-00f8f55f2a88/resourceGroups/DataPractice/providers/Microsoft.Storage/storageAccounts/storageia137dev",
            "identity": [],
            "infrastructure_encryption_enabled": false,
            "is_hns_enabled": true,
            "large_file_share_enabled": null,
            "location": "eastasia",
            "min_tls_version": "TLS1_2",
            "name": "storageia137dev",
            "network_rules": [
              {
                "bypass": [
                  "AzureServices"
                ],
                "default_action": "Allow",
                "ip_rules": [],
                "private_link_access": [],
                "virtual_network_subnet_ids": []
              }
            ],
            "nfsv3_enabled": false,
            "primary_access_key": "qJjS2NoDbyCfillZqV0aVKKGMyzLYnAO2Gi/AOcQk2/HVUzzZ0u3cI9IOLdjEeq1q4EO+mZ9TxSR+AStz7sEMw==",
            "primary_blob_connection_string": "DefaultEndpointsProtocol=https;BlobEndpoint=https://storageia137dev.blob.core.windows.net/;AccountName=storageia137dev;AccountKey=qJjS2NoDbyCfillZqV0aVKKGMyzLYnAO2Gi/AOcQk2/HVUzzZ0u3cI9IOLdjEeq1q4EO+mZ9TxSR+AStz7sEMw==",
            "primary_blob_endpoint": "https://storageia137dev.blob.core.windows.net/",
            "primary_blob_host": "storageia137dev.blob.core.windows.net",
            "primary_connection_string": "DefaultEndpointsProtocol=https;AccountName=storageia137dev;AccountKey=qJjS2NoDbyCfillZqV0aVKKGMyzLYnAO2Gi/AOcQk2/HVUzzZ0u3cI9IOLdjEeq1q4EO+mZ9TxSR+AStz7sEMw==;EndpointSuffix=core.windows.net",
            "primary_dfs_endpoint": "https://storageia137dev.dfs.core.windows.net/",
            "primary_dfs_host": "storageia137dev.dfs.core.windows.net",
            "primary_file_endpoint": "https://storageia137dev.file.core.windows.net/",
            "primary_file_host": "storageia137dev.file.core.windows.net",
            "primary_location": "eastasia",
            "primary_queue_endpoint": "https://storageia137dev.queue.core.windows.net/",
            "primary_queue_host": "storageia137dev.queue.core.windows.net",
            "primary_table_endpoint": "https://storageia137dev.table.core.windows.net/",
            "primary_table_host": "storageia137dev.table.core.windows.net",
            "primary_web_endpoint": "https://storageia137dev.z7.web.core.windows.net/",
            "primary_web_host": "storageia137dev.z7.web.core.windows.net",
            "queue_encryption_key_type": "Service",
            "queue_properties": [
              {
                "cors_rule": [],
                "hour_metrics": [
                  {
                    "enabled": true,
                    "include_apis": true,
                    "retention_policy_days": 7,
                    "version": "1.0"
                  }
                ],
                "logging": [
                  {
                    "delete": false,
                    "read": false,
                    "retention_policy_days": 0,
                    "version": "1.0",
                    "write": false
                  }
                ],
                "minute_metrics": [
                  {
                    "enabled": false,
                    "include_apis": false,
                    "retention_policy_days": 0,
                    "version": "1.0"
                  }
                ]
              }
            ],
            "resource_group_name": "DataPractice",
            "routing": [],
            "secondary_access_key": "VqxJu/Rabb/1tq9/o/UGV1nQBTklUd8hvO/SXvNFKE4Ejh3+w/Qo3COZTi+ZAcvcYE9LzEgtLoIN+ASt/2ChPg==",
            "secondary_blob_connection_string": "",
            "secondary_blob_endpoint": null,
            "secondary_blob_host": null,
            "secondary_connection_string": "DefaultEndpointsProtocol=https;AccountName=storageia137dev;AccountKey=VqxJu/Rabb/1tq9/o/UGV1nQBTklUd8hvO/SXvNFKE4Ejh3+w/Qo3COZTi+ZAcvcYE9LzEgtLoIN+ASt/2ChPg==;EndpointSuffix=core.windows.net",
            "secondary_dfs_endpoint": null,
            "secondary_dfs_host": null,
            "secondary_file_endpoint": null,
            "secondary_file_host": null,
            "secondary_location": "southeastasia",
            "secondary_queue_endpoint": null,
            "secondary_queue_host": null,
            "secondary_table_endpoint": null,
            "secondary_table_host": null,
            "secondary_web_endpoint": null,
            "secondary_web_host": null,
            "share_properties": [
              {
                "cors_rule": [],
                "retention_policy": [
                  {
                    "days": 7
                  }
                ],
                "smb": []
              }
            ],
            "shared_access_key_enabled": true,
            "static_website": [],
            "table_encryption_key_type": "Service",
            "tags": {
              "APP": "StepOne_AutomationTest_V1",
              "ENV": "DEV",
              "PROJECT": "StepOne_AutomationTest_V1"
            },
            "timeouts": null
          },
          "sensitive_attributes": [],
          "private": "eyJlMmJmYjczMC1lY2FhLTExZTYtOGY4OC0zNDM2M2JjN2M0YzAiOnsiY3JlYXRlIjozNjAwMDAwMDAwMDAwLCJkZWxldGUiOjM2MDAwMDAwMDAwMDAsInJlYWQiOjMwMDAwMDAwMDAwMCwidXBkYXRlIjozNjAwMDAwMDAwMDAwfSwic2NoZW1hX3ZlcnNpb24iOiIzIn0="
        }
      ]
    },
    {
      "module": "module.synapse-workspace",
      "mode": "data",
      "type": "azurerm_client_config",
      "name": "current",
      "provider": "provider[\"registry.terraform.io/hashicorp/azurerm\"]",
      "instances": [
        {
          "schema_version": 0,
          "attributes": {
            "client_id": "04b07795-8ddb-461a-bbee-02f9e1bf7b46",
            "id": "2023-10-10 03:40:24.923467 +0000 UTC",
            "object_id": "6c574f01-f751-4db5-949c-1d1a11b55266",
            "subscription_id": "37b25916-1e2d-4883-bb99-00f8f55f2a88",
            "tenant_id": "039815dd-00ae-48d7-adbb-090e93dcbc01",
            "timeouts": null
          },
          "sensitive_attributes": []
        }
      ]
    },
    {
      "module": "module.synapse-workspace",
      "mode": "data",
      "type": "azurerm_key_vault",
      "name": "keyvault",
      "provider": "provider[\"registry.terraform.io/hashicorp/azurerm\"]",
      "instances": [
        {
          "schema_version": 0,
          "attributes": {
            "access_policy": [
              {
                "application_id": "",
                "certificate_permissions": [],
                "key_permissions": [
                  "Create",
                  "Get",
                  "List",
                  "Delete",
                  "Recover",
                  "Import",
                  "Decrypt",
                  "Sign",
                  "Update",
                  "Purge"
                ],
                "object_id": "6c574f01-f751-4db5-949c-1d1a11b55266",
                "secret_permissions": [
                  "Set",
                  "Get",
                  "List",
                  "Delete",
                  "Recover",
                  "Purge"
                ],
                "storage_permissions": [],
                "tenant_id": "039815dd-00ae-48d7-adbb-090e93dcbc01"
              }
            ],
            "enable_rbac_authorization": false,
            "enabled_for_deployment": false,
            "enabled_for_disk_encryption": true,
            "enabled_for_template_deployment": false,
            "id": "/subscriptions/37b25916-1e2d-4883-bb99-00f8f55f2a88/resourceGroups/DataPractice/providers/Microsoft.KeyVault/vaults/vault-ia137-dev",
            "location": "eastasia",
            "name": "vault-ia137-dev",
            "network_acls": [],
            "purge_protection_enabled": false,
            "resource_group_name": "DataPractice",
            "sku_name": "standard",
            "tags": {
              "APP": "StepOne_AutomationTest_V1",
              "ENV": "DEV",
              "PROJECT": "StepOne_AutomationTest_V1"
            },
            "tenant_id": "039815dd-00ae-48d7-adbb-090e93dcbc01",
            "timeouts": null,
            "vault_uri": "https://vault-ia137-dev.vault.azure.net/"
          },
          "sensitive_attributes": []
        }
      ]
    },
    {
      "module": "module.synapse-workspace",
      "mode": "data",
      "type": "azurerm_storage_account",
      "name": "rg_storage_account",
      "provider": "provider[\"registry.terraform.io/hashicorp/azurerm\"]",
      "instances": [
        {
          "schema_version": 0,
          "attributes": {
            "access_tier": "Hot",
            "account_kind": "StorageV2",
            "account_replication_type": "GRS",
            "account_tier": "Standard",
            "allow_nested_items_to_be_public": true,
            "custom_domain": null,
            "enable_https_traffic_only": true,
            "id": "/subscriptions/37b25916-1e2d-4883-bb99-00f8f55f2a88/resourceGroups/DataPractice/providers/Microsoft.Storage/storageAccounts/storageia137dev",
            "identity": [],
            "infrastructure_encryption_enabled": false,
            "is_hns_enabled": true,
            "location": "eastasia",
            "min_tls_version": "TLS1_2",
            "name": "storageia137dev",
            "nfsv3_enabled": false,
            "primary_access_key": "qJjS2NoDbyCfillZqV0aVKKGMyzLYnAO2Gi/AOcQk2/HVUzzZ0u3cI9IOLdjEeq1q4EO+mZ9TxSR+AStz7sEMw==",
            "primary_blob_connection_string": "DefaultEndpointsProtocol=https;BlobEndpoint=https://storageia137dev.blob.core.windows.net/;AccountName=storageia137dev;AccountKey=qJjS2NoDbyCfillZqV0aVKKGMyzLYnAO2Gi/AOcQk2/HVUzzZ0u3cI9IOLdjEeq1q4EO+mZ9TxSR+AStz7sEMw==",
            "primary_blob_endpoint": "https://storageia137dev.blob.core.windows.net/",
            "primary_blob_host": "storageia137dev.blob.core.windows.net",
            "primary_connection_string": "DefaultEndpointsProtocol=https;AccountName=storageia137dev;AccountKey=qJjS2NoDbyCfillZqV0aVKKGMyzLYnAO2Gi/AOcQk2/HVUzzZ0u3cI9IOLdjEeq1q4EO+mZ9TxSR+AStz7sEMw==;EndpointSuffix=core.windows.net",
            "primary_dfs_endpoint": "https://storageia137dev.dfs.core.windows.net/",
            "primary_dfs_host": "storageia137dev.dfs.core.windows.net",
            "primary_file_endpoint": "https://storageia137dev.file.core.windows.net/",
            "primary_file_host": "storageia137dev.file.core.windows.net",
            "primary_location": "eastasia",
            "primary_queue_endpoint": "https://storageia137dev.queue.core.windows.net/",
            "primary_queue_host": "storageia137dev.queue.core.windows.net",
            "primary_table_endpoint": "https://storageia137dev.table.core.windows.net/",
            "primary_table_host": "storageia137dev.table.core.windows.net",
            "primary_web_endpoint": "https://storageia137dev.z7.web.core.windows.net/",
            "primary_web_host": "storageia137dev.z7.web.core.windows.net",
            "queue_encryption_key_type": "Service",
            "resource_group_name": "DataPractice",
            "secondary_access_key": "VqxJu/Rabb/1tq9/o/UGV1nQBTklUd8hvO/SXvNFKE4Ejh3+w/Qo3COZTi+ZAcvcYE9LzEgtLoIN+ASt/2ChPg==",
            "secondary_blob_connection_string": "",
            "secondary_blob_endpoint": null,
            "secondary_blob_host": null,
            "secondary_connection_string": "DefaultEndpointsProtocol=https;AccountName=storageia137dev;AccountKey=VqxJu/Rabb/1tq9/o/UGV1nQBTklUd8hvO/SXvNFKE4Ejh3+w/Qo3COZTi+ZAcvcYE9LzEgtLoIN+ASt/2ChPg==;EndpointSuffix=core.windows.net",
            "secondary_dfs_endpoint": null,
            "secondary_dfs_host": null,
            "secondary_file_endpoint": null,
            "secondary_file_host": null,
            "secondary_location": "southeastasia",
            "secondary_queue_endpoint": null,
            "secondary_queue_host": null,
            "secondary_table_endpoint": null,
            "secondary_table_host": null,
            "secondary_web_endpoint": null,
            "secondary_web_host": null,
            "table_encryption_key_type": "Service",
            "tags": {
              "APP": "StepOne_AutomationTest_V1",
              "ENV": "DEV",
              "PROJECT": "StepOne_AutomationTest_V1"
            },
            "timeouts": null
          },
          "sensitive_attributes": []
        }
      ]
    },
    {
      "module": "module.synapse-workspace",
      "mode": "managed",
      "type": "azurerm_key_vault_access_policy",
      "name": "synpase-policy",
      "provider": "provider[\"registry.terraform.io/hashicorp/azurerm\"]",
      "instances": [
        {
          "schema_version": 0,
          "attributes": {
            "application_id": null,
            "certificate_permissions": null,
            "id": "/subscriptions/37b25916-1e2d-4883-bb99-00f8f55f2a88/resourceGroups/DataPractice/providers/Microsoft.KeyVault/vaults/vault-ia137-dev/objectId/afa9bde2-f9cf-4862-85ba-4afe83cf1e83",
            "key_permissions": [
              "Get",
              "List"
            ],
            "key_vault_id": "/subscriptions/37b25916-1e2d-4883-bb99-00f8f55f2a88/resourceGroups/DataPractice/providers/Microsoft.KeyVault/vaults/vault-ia137-dev",
            "object_id": "afa9bde2-f9cf-4862-85ba-4afe83cf1e83",
            "secret_permissions": [
              "Get",
              "List"
            ],
            "storage_permissions": null,
            "tenant_id": "039815dd-00ae-48d7-adbb-090e93dcbc01",
            "timeouts": null
          },
          "sensitive_attributes": [],
          "private": "eyJlMmJmYjczMC1lY2FhLTExZTYtOGY4OC0zNDM2M2JjN2M0YzAiOnsiY3JlYXRlIjoxODAwMDAwMDAwMDAwLCJkZWxldGUiOjE4MDAwMDAwMDAwMDAsInJlYWQiOjMwMDAwMDAwMDAwMCwidXBkYXRlIjoxODAwMDAwMDAwMDAwfX0=",
          "dependencies": [
            "module.data-lake.azurerm_storage_data_lake_gen2_filesystem.rg",
            "module.data-lake.data.azurerm_storage_account.rg",
            "module.key-vault.azurerm_key_vault.vault",
            "module.key-vault.azurerm_key_vault_secret.azuresql",
            "module.key-vault.azurerm_key_vault_secret.clouddbconn",
            "module.key-vault.azurerm_key_vault_secret.localdbconn",
            "module.key-vault.azurerm_key_vault_secret.nt-on-premise-password",
            "module.key-vault.azurerm_key_vault_secret.storage_account_key",
            "module.key-vault.data.azurerm_client_config.current",
            "module.key-vault.data.azurerm_storage_account.storage_account",
            "module.pipeline-parameter-db.azurerm_mssql_database.sqlserver_db",
            "module.pipeline-parameter-db.azurerm_mssql_firewall_rule.fw_rule",
            "module.pipeline-parameter-db.azurerm_mssql_firewall_rule.fw_rule_my_ip",
            "module.pipeline-parameter-db.azurerm_mssql_server.azuredb_server",
            "module.storage-account.azurerm_storage_account.storage",
            "module.synapse-workspace.azurerm_synapse_workspace.synapse",
            "module.synapse-workspace.data.azurerm_client_config.current",
            "module.synapse-workspace.data.azurerm_key_vault.keyvault",
            "module.synapse-workspace.data.azurerm_storage_account.rg_storage_account"
          ]
        }
      ]
    },
    {
      "module": "module.synapse-workspace",
      "mode": "managed",
      "type": "azurerm_role_assignment",
      "name": "blob-contributor-role",
      "provider": "provider[\"registry.terraform.io/hashicorp/azurerm\"]",
      "instances": [
        {
          "schema_version": 0,
          "attributes": {
            "condition": "",
            "condition_version": "",
            "delegated_managed_identity_resource_id": "",
            "description": "",
            "id": "/subscriptions/37b25916-1e2d-4883-bb99-00f8f55f2a88/resourceGroups/DataPractice/providers/Microsoft.Storage/storageAccounts/storageia137dev/providers/Microsoft.Authorization/roleAssignments/2761e588-18ff-9016-1e33-4e4d82c3ea17",
            "name": "2761e588-18ff-9016-1e33-4e4d82c3ea17",
            "principal_id": "afa9bde2-f9cf-4862-85ba-4afe83cf1e83",
            "principal_type": "ServicePrincipal",
            "role_definition_id": "/subscriptions/37b25916-1e2d-4883-bb99-00f8f55f2a88/providers/Microsoft.Authorization/roleDefinitions/ba92f5b4-2d11-453d-a403-e96b0029c9fe",
            "role_definition_name": "Storage Blob Data Contributor",
            "scope": "/subscriptions/37b25916-1e2d-4883-bb99-00f8f55f2a88/resourceGroups/DataPractice/providers/Microsoft.Storage/storageAccounts/storageia137dev",
            "skip_service_principal_aad_check": null,
            "timeouts": null
          },
          "sensitive_attributes": [],
          "private": "eyJlMmJmYjczMC1lY2FhLTExZTYtOGY4OC0zNDM2M2JjN2M0YzAiOnsiY3JlYXRlIjoxODAwMDAwMDAwMDAwLCJkZWxldGUiOjE4MDAwMDAwMDAwMDAsInJlYWQiOjMwMDAwMDAwMDAwMCwidXBkYXRlIjoxODAwMDAwMDAwMDAwfX0=",
          "dependencies": [
            "module.data-lake.azurerm_storage_data_lake_gen2_filesystem.rg",
            "module.data-lake.data.azurerm_storage_account.rg",
            "module.key-vault.azurerm_key_vault.vault",
            "module.key-vault.azurerm_key_vault_secret.azuresql",
            "module.key-vault.azurerm_key_vault_secret.clouddbconn",
            "module.key-vault.azurerm_key_vault_secret.localdbconn",
            "module.key-vault.azurerm_key_vault_secret.nt-on-premise-password",
            "module.key-vault.azurerm_key_vault_secret.storage_account_key",
            "module.key-vault.data.azurerm_client_config.current",
            "module.key-vault.data.azurerm_storage_account.storage_account",
            "module.pipeline-parameter-db.azurerm_mssql_database.sqlserver_db",
            "module.pipeline-parameter-db.azurerm_mssql_firewall_rule.fw_rule",
            "module.pipeline-parameter-db.azurerm_mssql_firewall_rule.fw_rule_my_ip",
            "module.pipeline-parameter-db.azurerm_mssql_server.azuredb_server",
            "module.storage-account.azurerm_storage_account.storage",
            "module.synapse-workspace.azurerm_synapse_workspace.synapse",
            "module.synapse-workspace.data.azurerm_storage_account.rg_storage_account"
          ]
        }
      ]
    },
    {
      "module": "module.synapse-workspace",
      "mode": "managed",
      "type": "azurerm_synapse_firewall_rule",
      "name": "rg_fw",
      "provider": "provider[\"registry.terraform.io/hashicorp/azurerm\"]",
      "instances": [
        {
          "schema_version": 0,
          "attributes": {
            "end_ip_address": "113.22.221.209",
            "id": "/subscriptions/37b25916-1e2d-4883-bb99-00f8f55f2a88/resourceGroups/DataPractice/providers/Microsoft.Synapse/workspaces/synapse-ia137-dev/firewallRules/AllowAllMyIp",
            "name": "AllowAllMyIp",
            "start_ip_address": "113.22.221.209",
            "synapse_workspace_id": "/subscriptions/37b25916-1e2d-4883-bb99-00f8f55f2a88/resourceGroups/DataPractice/providers/Microsoft.Synapse/workspaces/synapse-ia137-dev",
            "timeouts": null
          },
          "sensitive_attributes": [],
          "private": "eyJlMmJmYjczMC1lY2FhLTExZTYtOGY4OC0zNDM2M2JjN2M0YzAiOnsiY3JlYXRlIjoxODAwMDAwMDAwMDAwLCJkZWxldGUiOjE4MDAwMDAwMDAwMDAsInJlYWQiOjMwMDAwMDAwMDAwMCwidXBkYXRlIjoxODAwMDAwMDAwMDAwfX0=",
          "dependencies": [
            "module.data-lake.azurerm_storage_data_lake_gen2_filesystem.rg",
            "module.data-lake.data.azurerm_storage_account.rg",
            "module.key-vault.azurerm_key_vault.vault",
            "module.key-vault.azurerm_key_vault_secret.azuresql",
            "module.key-vault.azurerm_key_vault_secret.clouddbconn",
            "module.key-vault.azurerm_key_vault_secret.localdbconn",
            "module.key-vault.azurerm_key_vault_secret.nt-on-premise-password",
            "module.key-vault.azurerm_key_vault_secret.storage_account_key",
            "module.key-vault.data.azurerm_client_config.current",
            "module.key-vault.data.azurerm_storage_account.storage_account",
            "module.pipeline-parameter-db.azurerm_mssql_database.sqlserver_db",
            "module.pipeline-parameter-db.azurerm_mssql_firewall_rule.fw_rule",
            "module.pipeline-parameter-db.azurerm_mssql_firewall_rule.fw_rule_my_ip",
            "module.pipeline-parameter-db.azurerm_mssql_server.azuredb_server",
            "module.storage-account.azurerm_storage_account.storage",
            "module.synapse-workspace.azurerm_synapse_workspace.synapse",
            "module.synapse-workspace.data.azurerm_storage_account.rg_storage_account"
          ]
        }
      ]
    },
    {
      "module": "module.synapse-workspace",
      "mode": "managed",
      "type": "azurerm_synapse_firewall_rule",
      "name": "rg_fw-azure-services",
      "provider": "provider[\"registry.terraform.io/hashicorp/azurerm\"]",
      "instances": [
        {
          "schema_version": 0,
          "attributes": {
            "end_ip_address": "0.0.0.0",
            "id": "/subscriptions/37b25916-1e2d-4883-bb99-00f8f55f2a88/resourceGroups/DataPractice/providers/Microsoft.Synapse/workspaces/synapse-ia137-dev/firewallRules/AllowAllWindowsAzureIps",
            "name": "AllowAllWindowsAzureIps",
            "start_ip_address": "0.0.0.0",
            "synapse_workspace_id": "/subscriptions/37b25916-1e2d-4883-bb99-00f8f55f2a88/resourceGroups/DataPractice/providers/Microsoft.Synapse/workspaces/synapse-ia137-dev",
            "timeouts": null
          },
          "sensitive_attributes": [],
          "private": "eyJlMmJmYjczMC1lY2FhLTExZTYtOGY4OC0zNDM2M2JjN2M0YzAiOnsiY3JlYXRlIjoxODAwMDAwMDAwMDAwLCJkZWxldGUiOjE4MDAwMDAwMDAwMDAsInJlYWQiOjMwMDAwMDAwMDAwMCwidXBkYXRlIjoxODAwMDAwMDAwMDAwfX0=",
          "dependencies": [
            "module.data-lake.azurerm_storage_data_lake_gen2_filesystem.rg",
            "module.data-lake.data.azurerm_storage_account.rg",
            "module.key-vault.azurerm_key_vault.vault",
            "module.key-vault.azurerm_key_vault_secret.azuresql",
            "module.key-vault.azurerm_key_vault_secret.clouddbconn",
            "module.key-vault.azurerm_key_vault_secret.localdbconn",
            "module.key-vault.azurerm_key_vault_secret.nt-on-premise-password",
            "module.key-vault.azurerm_key_vault_secret.storage_account_key",
            "module.key-vault.data.azurerm_client_config.current",
            "module.key-vault.data.azurerm_storage_account.storage_account",
            "module.pipeline-parameter-db.azurerm_mssql_database.sqlserver_db",
            "module.pipeline-parameter-db.azurerm_mssql_firewall_rule.fw_rule",
            "module.pipeline-parameter-db.azurerm_mssql_firewall_rule.fw_rule_my_ip",
            "module.pipeline-parameter-db.azurerm_mssql_server.azuredb_server",
            "module.storage-account.azurerm_storage_account.storage",
            "module.synapse-workspace.azurerm_synapse_workspace.synapse",
            "module.synapse-workspace.data.azurerm_storage_account.rg_storage_account"
          ]
        }
      ]
    },
    {
      "module": "module.synapse-workspace",
      "mode": "managed",
      "type": "azurerm_synapse_spark_pool",
      "name": "spark_pool",
      "provider": "provider[\"registry.terraform.io/hashicorp/azurerm\"]",
      "instances": [
        {
          "schema_version": 0,
          "attributes": {
            "auto_pause": [
              {
                "delay_in_minutes": 5
              }
            ],
            "auto_scale": [
              {
                "max_node_count": 4,
                "min_node_count": 3
              }
            ],
            "cache_size": 0,
            "compute_isolation_enabled": false,
            "dynamic_executor_allocation_enabled": false,
            "id": "/subscriptions/37b25916-1e2d-4883-bb99-00f8f55f2a88/resourceGroups/DataPractice/providers/Microsoft.Synapse/workspaces/synapse-ia137-dev/bigDataPools/mainpool",
            "library_requirement": [],
            "name": "mainpool",
            "node_count": 0,
            "node_size": "Small",
            "node_size_family": "MemoryOptimized",
            "session_level_packages_enabled": false,
            "spark_config": [],
            "spark_events_folder": "/events",
            "spark_log_folder": "/logs",
            "spark_version": "3.1",
            "synapse_workspace_id": "/subscriptions/37b25916-1e2d-4883-bb99-00f8f55f2a88/resourceGroups/DataPractice/providers/Microsoft.Synapse/workspaces/synapse-ia137-dev",
            "tags": {
              "APP": "StepOne_AutomationTest_V1",
              "ENV": "DEV",
              "PROJECT": "StepOne_AutomationTest_V1"
            },
            "timeouts": null
          },
          "sensitive_attributes": [],
          "private": "eyJlMmJmYjczMC1lY2FhLTExZTYtOGY4OC0zNDM2M2JjN2M0YzAiOnsiY3JlYXRlIjoxODAwMDAwMDAwMDAwLCJkZWxldGUiOjE4MDAwMDAwMDAwMDAsInJlYWQiOjMwMDAwMDAwMDAwMCwidXBkYXRlIjoxODAwMDAwMDAwMDAwfX0=",
          "dependencies": [
            "module.data-lake.azurerm_storage_data_lake_gen2_filesystem.rg",
            "module.data-lake.data.azurerm_storage_account.rg",
            "module.key-vault.azurerm_key_vault.vault",
            "module.key-vault.azurerm_key_vault_secret.azuresql",
            "module.key-vault.azurerm_key_vault_secret.clouddbconn",
            "module.key-vault.azurerm_key_vault_secret.localdbconn",
            "module.key-vault.azurerm_key_vault_secret.nt-on-premise-password",
            "module.key-vault.azurerm_key_vault_secret.storage_account_key",
            "module.key-vault.data.azurerm_client_config.current",
            "module.key-vault.data.azurerm_storage_account.storage_account",
            "module.pipeline-parameter-db.azurerm_mssql_database.sqlserver_db",
            "module.pipeline-parameter-db.azurerm_mssql_firewall_rule.fw_rule",
            "module.pipeline-parameter-db.azurerm_mssql_firewall_rule.fw_rule_my_ip",
            "module.pipeline-parameter-db.azurerm_mssql_server.azuredb_server",
            "module.storage-account.azurerm_storage_account.storage",
            "module.synapse-workspace.azurerm_synapse_firewall_rule.rg_fw",
            "module.synapse-workspace.azurerm_synapse_workspace.synapse",
            "module.synapse-workspace.data.azurerm_storage_account.rg_storage_account"
          ]
        }
      ]
    },
    {
      "module": "module.synapse-workspace",
      "mode": "managed",
      "type": "azurerm_synapse_workspace",
      "name": "synapse",
      "provider": "provider[\"registry.terraform.io/hashicorp/azurerm\"]",
      "instances": [
        {
          "schema_version": 0,
          "attributes": {
            "aad_admin": [
              {
                "login": "huynguyen@ntdatateam.onmicrosoft.com",
                "object_id": "6c574f01-f751-4db5-949c-1d1a11b55266",
                "tenant_id": "039815dd-00ae-48d7-adbb-090e93dcbc01"
              }
            ],
            "azure_devops_repo": [],
            "compute_subnet_id": null,
            "connectivity_endpoints": {
              "dev": "https://synapse-ia137-dev.dev.azuresynapse.net",
              "sql": "synapse-ia137-dev.sql.azuresynapse.net",
              "sqlOnDemand": "synapse-ia137-dev-ondemand.sql.azuresynapse.net",
              "web": "https://web.azuresynapse.net?workspace=%2fsubscriptions%2f37b25916-1e2d-4883-bb99-00f8f55f2a88%2fresourceGroups%2fDataPractice%2fproviders%2fMicrosoft.Synapse%2fworkspaces%2fsynapse-ia137-dev"
            },
            "customer_managed_key": [],
            "data_exfiltration_protection_enabled": null,
            "github_repo": [],
            "id": "/subscriptions/37b25916-1e2d-4883-bb99-00f8f55f2a88/resourceGroups/DataPractice/providers/Microsoft.Synapse/workspaces/synapse-ia137-dev",
            "identity": [
              {
                "principal_id": "afa9bde2-f9cf-4862-85ba-4afe83cf1e83",
                "tenant_id": "039815dd-00ae-48d7-adbb-090e93dcbc01",
                "type": "SystemAssigned"
              }
            ],
            "linking_allowed_for_aad_tenant_ids": null,
            "location": "eastasia",
            "managed_resource_group_name": "synapseworkspace-managedrg-97f9bbe1-7d8d-49cb-b535-d80880ba0452",
            "managed_virtual_network_enabled": false,
            "name": "synapse-ia137-dev",
            "public_network_access_enabled": true,
            "purview_id": null,
            "resource_group_name": "DataPractice",
            "sql_aad_admin": [
              {
                "login": "huynguyen@ntdatateam.onmicrosoft.com",
                "object_id": "6c574f01-f751-4db5-949c-1d1a11b55266",
                "tenant_id": "039815dd-00ae-48d7-adbb-090e93dcbc01"
              }
            ],
            "sql_administrator_login": "sqladminuser",
            "sql_administrator_login_password": "studygroup@123",
            "sql_identity_control_enabled": false,
            "storage_data_lake_gen2_filesystem_id": "https://storageia137dev.dfs.core.windows.net/lake",
            "tags": {
              "APP": "StepOne_AutomationTest_V1",
              "ENV": "DEV",
              "PROJECT": "StepOne_AutomationTest_V1"
            },
            "timeouts": null
          },
          "sensitive_attributes": [
            [
              {
                "type": "get_attr",
                "value": "sql_administrator_login_password"
              }
            ],
            [
              {
                "type": "get_attr",
                "value": "sql_administrator_login"
              }
            ]
          ],
          "private": "eyJlMmJmYjczMC1lY2FhLTExZTYtOGY4OC0zNDM2M2JjN2M0YzAiOnsiY3JlYXRlIjoxODAwMDAwMDAwMDAwLCJkZWxldGUiOjE4MDAwMDAwMDAwMDAsInJlYWQiOjMwMDAwMDAwMDAwMCwidXBkYXRlIjoxODAwMDAwMDAwMDAwfX0=",
          "dependencies": [
            "module.data-lake.azurerm_storage_data_lake_gen2_filesystem.rg",
            "module.data-lake.data.azurerm_storage_account.rg",
            "module.key-vault.azurerm_key_vault.vault",
            "module.key-vault.azurerm_key_vault_secret.azuresql",
            "module.key-vault.azurerm_key_vault_secret.clouddbconn",
            "module.key-vault.azurerm_key_vault_secret.localdbconn",
            "module.key-vault.azurerm_key_vault_secret.nt-on-premise-password",
            "module.key-vault.azurerm_key_vault_secret.storage_account_key",
            "module.key-vault.data.azurerm_client_config.current",
            "module.key-vault.data.azurerm_storage_account.storage_account",
            "module.pipeline-parameter-db.azurerm_mssql_database.sqlserver_db",
            "module.pipeline-parameter-db.azurerm_mssql_firewall_rule.fw_rule",
            "module.pipeline-parameter-db.azurerm_mssql_firewall_rule.fw_rule_my_ip",
            "module.pipeline-parameter-db.azurerm_mssql_server.azuredb_server",
            "module.storage-account.azurerm_storage_account.storage",
            "module.synapse-workspace.data.azurerm_storage_account.rg_storage_account"
          ]
        }
      ]
    }
  ],
  "check_results": null
}
